{
  "originHash" : "4dd819e1bc5e9ee8f6e6733b4f7a43df1fdb16cb021caf3b116b98be2fc0e601",
  "pins" : [
    {
      "identity" : "alamofire",
      "kind" : "remoteSourceControl",
      "location" : "https://github.com/Alamofire/Alamofire",
      "state" : {
        "revision" : "513364f870f6bfc468f9d2ff0a95caccc10044c5",
        "version" : "5.10.2"
      }
    },
    {
      "identity" : "swiftuix",
      "kind" : "remoteSourceControl",
      "location" : "https://github.com/SwiftUIX/SwiftUIX",
      "state" : {
        "revision" : "d9f903b214b9d56e3c1e4533b03359aee94acd5d",
        "version" : "0.2.4"
      }
    }
  ],
  "version" : 3
}
